{
  "version": 4,
  "terraform_version": "1.5.1",
  "serial": 7,
  "lineage": "a8b568a3-b9e4-f272-85d8-04437d8c794c",
  "outputs": {},
  "resources": [
    {
      "mode": "managed",
      "type": "google_compute_firewall",
      "name": "nodeports",
      "provider": "provider[\"registry.terraform.io/hashicorp/google\"]",
      "instances": [
        {
          "schema_version": 1,
          "attributes": {
            "allow": [
              {
                "ports": [
                  "30000-32767",
                  "80",
                  "443",
                  "8080",
                  "22"
                ],
                "protocol": "tcp"
              },
              {
                "ports": [],
                "protocol": "icmp"
              }
            ],
            "creation_timestamp": "2023-06-25T19:14:53.825-07:00",
            "deny": [],
            "description": "",
            "destination_ranges": [],
            "direction": "INGRESS",
            "disabled": false,
            "enable_logging": null,
            "id": "projects/bigdatatest2-airflow/global/firewalls/node-port-range",
            "log_config": [],
            "name": "node-port-range",
            "network": "https://www.googleapis.com/compute/v1/projects/bigdatatest2-airflow/global/networks/default",
            "priority": 1000,
            "project": "bigdatatest2-airflow",
            "self_link": "https://www.googleapis.com/compute/v1/projects/bigdatatest2-airflow/global/firewalls/node-port-range",
            "source_ranges": [
              "0.0.0.0/0"
            ],
            "source_service_accounts": null,
            "source_tags": null,
            "target_service_accounts": null,
            "target_tags": null,
            "timeouts": null
          },
          "sensitive_attributes": [],
          "private": "eyJlMmJmYjczMC1lY2FhLTExZTYtOGY4OC0zNDM2M2JjN2M0YzAiOnsiY3JlYXRlIjoxMjAwMDAwMDAwMDAwLCJkZWxldGUiOjEyMDAwMDAwMDAwMDAsInVwZGF0ZSI6MTIwMDAwMDAwMDAwMH0sInNjaGVtYV92ZXJzaW9uIjoiMSJ9"
        }
      ]
    },
    {
      "mode": "managed",
      "type": "google_container_cluster",
      "name": "primary",
      "provider": "provider[\"registry.terraform.io/hashicorp/google\"]",
      "instances": [
        {
          "schema_version": 1,
          "attributes": {
            "addons_config": [
              {
                "cloudrun_config": [],
                "config_connector_config": [],
                "dns_cache_config": [],
                "gce_persistent_disk_csi_driver_config": [
                  {
                    "enabled": true
                  }
                ],
                "gcp_filestore_csi_driver_config": [],
                "gke_backup_agent_config": [],
                "horizontal_pod_autoscaling": [],
                "http_load_balancing": [],
                "network_policy_config": [
                  {
                    "disabled": true
                  }
                ]
              }
            ],
            "authenticator_groups_config": [],
            "binary_authorization": [
              {
                "enabled": false,
                "evaluation_mode": ""
              }
            ],
            "cluster_autoscaling": [
              {
                "auto_provisioning_defaults": [],
                "enabled": false,
                "resource_limits": []
              }
            ],
            "cluster_ipv4_cidr": "10.0.0.0/14",
            "confidential_nodes": [],
            "cost_management_config": [],
            "database_encryption": [
              {
                "key_name": "",
                "state": "DECRYPTED"
              }
            ],
            "datapath_provider": "",
            "default_max_pods_per_node": null,
            "default_snat_status": [
              {
                "disabled": false
              }
            ],
            "description": "",
            "dns_config": [],
            "enable_autopilot": false,
            "enable_binary_authorization": false,
            "enable_intranode_visibility": false,
            "enable_kubernetes_alpha": false,
            "enable_l4_ilb_subsetting": false,
            "enable_legacy_abac": false,
            "enable_shielded_nodes": true,
            "enable_tpu": false,
            "endpoint": "35.188.115.211",
            "gateway_api_config": [],
            "id": "projects/bigdatatest2-airflow/locations/us-central1-c/clusters/node-demo-k8s",
            "initial_node_count": 4,
            "ip_allocation_policy": [],
            "label_fingerprint": "a9dc16a7",
            "location": "us-central1-c",
            "logging_config": [
              {
                "enable_components": [
                  "SYSTEM_COMPONENTS",
                  "WORKLOADS"
                ]
              }
            ],
            "logging_service": "logging.googleapis.com/kubernetes",
            "maintenance_policy": [],
            "master_auth": [
              {
                "client_certificate": "",
                "client_certificate_config": [
                  {
                    "issue_client_certificate": false
                  }
                ],
                "client_key": "",
                "cluster_ca_certificate": "LS0tLS1CRUdJTiBDRVJUSUZJQ0FURS0tLS0tCk1JSUVMRENDQXBTZ0F3SUJBZ0lRSFNiV1FmaERMR01lZlBveGxQWkNDVEFOQmdrcWhraUc5dzBCQVFzRkFEQXYKTVMwd0t3WURWUVFERXlSalpHTTRORE0xWVMxbVkySTVMVFJpWTJVdE9USXpNeTB6WVRRMU0yVmlOelV5WlRVdwpJQmNOTWpNd05qSTJNREV4TkRVMVdoZ1BNakExTXpBMk1UZ3dNakUwTlRWYU1DOHhMVEFyQmdOVkJBTVRKR05rCll6ZzBNelZoTFdaallqa3ROR0pqWlMwNU1qTXpMVE5oTkRVelpXSTNOVEpsTlRDQ0FhSXdEUVlKS29aSWh2Y04KQVFFQkJRQURnZ0dQQURDQ0FZb0NnZ0dCQUpyN1MwWWljeUlYUkRwbzY0dDBBb0YwWGJxQUxGbGo2aVpDYzVaWApDMjdGMGEzZ3FibDZaU1ZENnNONW9qK2F4ZUgxMUlTNmZnM0RBbnV3cWhsVUFTendRcVd4QU8rc0x3RDNxSi9GCk9pL3RXUlNWcGZLenBrcWdsRktEVE9GNURDTlVmQnQwV1BRbGtodFdTbW1ibXpMTndqSVl4Y3hZdzByVjlSakkKSVJhYzNacmNpdDJVOU40dkpHZUxpeERqRUhKbDkvSXpMUXlyaHdVWlBqMUdrUXIwWWdBOWlmUEpmY3FVVUZXMgp5S1NCTXg1bFpTcng0WUFxdjY5STEzQXVHTTlLS3VicWUvWUZmbklhWnpsdndxYmdYWmlSSmlVRmp1WFpIWWhvCk1VeUVxWERMSHpvUGFKb0tiYlVnc0tZQ3l1VGE3Z0JqWjJCZCtUbmR0Y2M2dHBYWVNjbW5pNC9YS0FUdXlQK3UKOTlrM0piTWFTZ1Yzd2xMVkI5cEQ4M05lVjlSMjBhVU11QUFKMUVqdTBWeWk0ek9uWmVPSkw1dGE0ZmFRWHR5dQo0aHhYUkZBMkF5aXZNaWlKMk1Bc1hwT1g0YUl1b3RGZDNRTlhIRWJHWVlIYnJJY2VpNFNwTzIxUk04U1NObVFvCm9jTno5NHRTNWdPSWN0Lzk3aS9La0FyY0J3SURBUUFCbzBJd1FEQU9CZ05WSFE4QkFmOEVCQU1DQWdRd0R3WUQKVlIwVEFRSC9CQVV3QXdFQi96QWRCZ05WSFE0RUZnUVVIRXhHbkZYVm92bkkxWVZMb1JjeE5mY0lodDB3RFFZSgpLb1pJaHZjTkFRRUxCUUFEZ2dHQkFGNUJ4TXhoaUtyNmVvSFBRdFluMUxaY2wxbDN4WFhiTEhWdTRvRkx3WjQ0CllkOUsvOG9iTXNvdFV5TjJrUFV3dkRoMkRsM2lwVDQ5T2ZXOTJYTU1XZ1BnNUk4a0FYcTJmdllpbE5mV3dYWHMKRWZPR0tXQVpnZ2w1UG1sWFR6OFlnWkVEeXE3dmp0OXF6RlV2bGZyb0RJVEhsMGxEajE3VDY2c1VuZ2FXV2JxdApiK2o0WXNkZjA0K1NRYkRabU4vM3ZaMnVPeHE0bVBMRkxiWDVsVEduWE1PMmF4SENPTGRvVTFOYUFmK096S3RJCklyLzRzMkUzRVF5ZDdQc2pwSVJVYzJnc25KeldqVG80YUFQNi9uRXZQZ3pMUVA0VzRBVWhjdTJPejlEQzczTksKRzRBVUZ2dVd5Q1dKeHJ3ZUZTcW1CNDErOWRLd3JKMW9LY0JMeklwb3JaS1I1ODVhT1ZxQmgvYnVmQ2c1ZGlHLwpPdHg3ejRMc0w1NFBBcW55dFc0MDhkU1MyZzhEcmNOOUZEejYwbUxsa1B4RVNlRHhVdTdnVjR2dVcvRkdCaE5TClFCQndrbGF0TC9NODBxbFBoNmFURE1xSC9xd2Y0NzlNRDRTRHhXU3JMOUttaHc2UkpFY2pKSm9ITHp2eVlYZ20KMGxHTnVxVklVdENrbkF4K2xBTVhUUT09Ci0tLS0tRU5EIENFUlRJRklDQVRFLS0tLS0K"
              }
            ],
            "master_authorized_networks_config": [],
            "master_version": "1.25.8-gke.1000",
            "mesh_certificates": [],
            "min_master_version": null,
            "monitoring_config": [
              {
                "enable_components": [
                  "SYSTEM_COMPONENTS"
                ],
                "managed_prometheus": []
              }
            ],
            "monitoring_service": "monitoring.googleapis.com/kubernetes",
            "name": "node-demo-k8s",
            "network": "projects/bigdatatest2-airflow/global/networks/default",
            "network_policy": [
              {
                "enabled": false,
                "provider": "PROVIDER_UNSPECIFIED"
              }
            ],
            "networking_mode": "ROUTES",
            "node_config": [
              {
                "advanced_machine_features": [],
                "boot_disk_kms_key": "",
                "disk_size_gb": 100,
                "disk_type": "pd-balanced",
                "ephemeral_storage_local_ssd_config": [],
                "gcfs_config": [],
                "guest_accelerator": [],
                "gvnic": [],
                "image_type": "COS_CONTAINERD",
                "kubelet_config": [],
                "labels": {},
                "linux_node_config": [],
                "local_nvme_ssd_block_config": [],
                "local_ssd_count": 0,
                "logging_variant": "DEFAULT",
                "machine_type": "e2-micro",
                "metadata": {
                  "disable-legacy-endpoints": "true"
                },
                "min_cpu_platform": "",
                "node_group": "",
                "oauth_scopes": [
                  "https://www.googleapis.com/auth/compute",
                  "https://www.googleapis.com/auth/devstorage.read_only",
                  "https://www.googleapis.com/auth/logging.write",
                  "https://www.googleapis.com/auth/monitoring"
                ],
                "preemptible": true,
                "reservation_affinity": [],
                "resource_labels": null,
                "service_account": "default",
                "shielded_instance_config": [
                  {
                    "enable_integrity_monitoring": true,
                    "enable_secure_boot": false
                  }
                ],
                "sole_tenant_config": [],
                "spot": false,
                "tags": [
                  "node-demo-k8s"
                ],
                "taint": [],
                "workload_metadata_config": []
              }
            ],
            "node_locations": [],
            "node_pool": [
              {
                "autoscaling": [],
                "initial_node_count": 4,
                "instance_group_urls": [
                  "https://www.googleapis.com/compute/v1/projects/bigdatatest2-airflow/zones/us-central1-c/instanceGroupManagers/gke-node-demo-k8s-default-pool-6895a733-grp"
                ],
                "managed_instance_group_urls": [
                  "https://www.googleapis.com/compute/v1/projects/bigdatatest2-airflow/zones/us-central1-c/instanceGroups/gke-node-demo-k8s-default-pool-6895a733-grp"
                ],
                "management": [
                  {
                    "auto_repair": true,
                    "auto_upgrade": true
                  }
                ],
                "max_pods_per_node": 0,
                "name": "default-pool",
                "name_prefix": "",
                "network_config": [
                  {
                    "create_pod_range": false,
                    "enable_private_nodes": false,
                    "pod_cidr_overprovision_config": [],
                    "pod_ipv4_cidr_block": "",
                    "pod_range": ""
                  }
                ],
                "node_config": [
                  {
                    "advanced_machine_features": [],
                    "boot_disk_kms_key": "",
                    "disk_size_gb": 100,
                    "disk_type": "pd-balanced",
                    "ephemeral_storage_local_ssd_config": [],
                    "gcfs_config": [],
                    "guest_accelerator": [],
                    "gvnic": [],
                    "image_type": "COS_CONTAINERD",
                    "kubelet_config": [],
                    "labels": {},
                    "linux_node_config": [],
                    "local_nvme_ssd_block_config": [],
                    "local_ssd_count": 0,
                    "logging_variant": "DEFAULT",
                    "machine_type": "e2-micro",
                    "metadata": {
                      "disable-legacy-endpoints": "true"
                    },
                    "min_cpu_platform": "",
                    "node_group": "",
                    "oauth_scopes": [
                      "https://www.googleapis.com/auth/compute",
                      "https://www.googleapis.com/auth/devstorage.read_only",
                      "https://www.googleapis.com/auth/logging.write",
                      "https://www.googleapis.com/auth/monitoring"
                    ],
                    "preemptible": true,
                    "reservation_affinity": [],
                    "resource_labels": {},
                    "service_account": "default",
                    "shielded_instance_config": [
                      {
                        "enable_integrity_monitoring": true,
                        "enable_secure_boot": false
                      }
                    ],
                    "sole_tenant_config": [],
                    "spot": false,
                    "tags": [
                      "node-demo-k8s"
                    ],
                    "taint": [],
                    "workload_metadata_config": []
                  }
                ],
                "node_count": 4,
                "node_locations": [
                  "us-central1-c"
                ],
                "placement_policy": [],
                "upgrade_settings": [
                  {
                    "blue_green_settings": [],
                    "max_surge": 1,
                    "max_unavailable": 0,
                    "strategy": "SURGE"
                  }
                ],
                "version": "1.25.8-gke.1000"
              }
            ],
            "node_pool_defaults": [
              {
                "node_config_defaults": [
                  {
                    "logging_variant": "DEFAULT"
                  }
                ]
              }
            ],
            "node_version": "1.25.8-gke.1000",
            "notification_config": [
              {
                "pubsub": [
                  {
                    "enabled": false,
                    "filter": [],
                    "topic": ""
                  }
                ]
              }
            ],
            "operation": null,
            "private_cluster_config": [
              {
                "enable_private_endpoint": false,
                "enable_private_nodes": false,
                "master_global_access_config": [
                  {
                    "enabled": false
                  }
                ],
                "master_ipv4_cidr_block": "",
                "peering_name": "",
                "private_endpoint": "10.128.0.38",
                "private_endpoint_subnetwork": "",
                "public_endpoint": "35.188.115.211"
              }
            ],
            "private_ipv6_google_access": "",
            "project": "bigdatatest2-airflow",
            "release_channel": [
              {
                "channel": "REGULAR"
              }
            ],
            "remove_default_node_pool": null,
            "resource_labels": null,
            "resource_usage_export_config": [],
            "self_link": "https://container.googleapis.com/v1/projects/bigdatatest2-airflow/zones/us-central1-c/clusters/node-demo-k8s",
            "service_external_ips_config": [
              {
                "enabled": false
              }
            ],
            "services_ipv4_cidr": "10.3.240.0/20",
            "subnetwork": "projects/bigdatatest2-airflow/regions/us-central1/subnetworks/default",
            "timeouts": {
              "create": "45m",
              "delete": null,
              "read": null,
              "update": "60m"
            },
            "tpu_ipv4_cidr_block": "",
            "vertical_pod_autoscaling": [],
            "workload_identity_config": []
          },
          "sensitive_attributes": [],
          "private": "eyJlMmJmYjczMC1lY2FhLTExZTYtOGY4OC0zNDM2M2JjN2M0YzAiOnsiY3JlYXRlIjoyNzAwMDAwMDAwMDAwLCJkZWxldGUiOjI0MDAwMDAwMDAwMDAsInJlYWQiOjI0MDAwMDAwMDAwMDAsInVwZGF0ZSI6MzYwMDAwMDAwMDAwMH0sInNjaGVtYV92ZXJzaW9uIjoiMSJ9"
        }
      ]
    }
  ],
  "check_results": null
}
