{
  "version": 4,
  "terraform_version": "1.5.1",
  "serial": 10,
  "lineage": "67c7b4c4-d929-0a07-661f-124703a13371",
  "outputs": {},
  "resources": [
    {
      "mode": "managed",
      "type": "google_compute_firewall",
      "name": "nodeports",
      "provider": "provider[\"registry.terraform.io/hashicorp/google\"]",
      "instances": [
        {
          "schema_version": 1,
          "attributes": {
            "allow": [
              {
                "ports": [
                  "30000-32767",
                  "80",
                  "443",
                  "8080",
                  "22"
                ],
                "protocol": "tcp"
              },
              {
                "ports": [],
                "protocol": "icmp"
              }
            ],
            "creation_timestamp": "2023-06-25T19:44:03.962-07:00",
            "deny": [],
            "description": "",
            "destination_ranges": [],
            "direction": "INGRESS",
            "disabled": false,
            "enable_logging": null,
            "id": "projects/bigdatatest2-airflow/global/firewalls/node-port-range",
            "log_config": [],
            "name": "node-port-range",
            "network": "https://www.googleapis.com/compute/v1/projects/bigdatatest2-airflow/global/networks/default",
            "priority": 1000,
            "project": "bigdatatest2-airflow",
            "self_link": "https://www.googleapis.com/compute/v1/projects/bigdatatest2-airflow/global/firewalls/node-port-range",
            "source_ranges": [
              "0.0.0.0/0"
            ],
            "source_service_accounts": [],
            "source_tags": [],
            "target_service_accounts": [],
            "target_tags": [],
            "timeouts": null
          },
          "sensitive_attributes": [],
          "private": "eyJlMmJmYjczMC1lY2FhLTExZTYtOGY4OC0zNDM2M2JjN2M0YzAiOnsiY3JlYXRlIjoxMjAwMDAwMDAwMDAwLCJkZWxldGUiOjEyMDAwMDAwMDAwMDAsInVwZGF0ZSI6MTIwMDAwMDAwMDAwMH0sInNjaGVtYV92ZXJzaW9uIjoiMSJ9"
        }
      ]
    },
    {
      "mode": "managed",
      "type": "google_container_cluster",
      "name": "primary",
      "provider": "provider[\"registry.terraform.io/hashicorp/google\"]",
      "instances": [
        {
          "schema_version": 1,
          "attributes": {
            "addons_config": [
              {
                "cloudrun_config": [],
                "config_connector_config": [],
                "dns_cache_config": [],
                "gce_persistent_disk_csi_driver_config": [
                  {
                    "enabled": true
                  }
                ],
                "gcp_filestore_csi_driver_config": [],
                "gke_backup_agent_config": [],
                "horizontal_pod_autoscaling": [],
                "http_load_balancing": [],
                "network_policy_config": [
                  {
                    "disabled": true
                  }
                ]
              }
            ],
            "authenticator_groups_config": [],
            "binary_authorization": [
              {
                "enabled": false,
                "evaluation_mode": ""
              }
            ],
            "cluster_autoscaling": [
              {
                "auto_provisioning_defaults": [],
                "enabled": false,
                "resource_limits": []
              }
            ],
            "cluster_ipv4_cidr": "10.0.0.0/14",
            "confidential_nodes": [],
            "cost_management_config": [],
            "database_encryption": [
              {
                "key_name": "",
                "state": "DECRYPTED"
              }
            ],
            "datapath_provider": "",
            "default_max_pods_per_node": null,
            "default_snat_status": [
              {
                "disabled": false
              }
            ],
            "description": "",
            "dns_config": [],
            "enable_autopilot": false,
            "enable_binary_authorization": false,
            "enable_intranode_visibility": false,
            "enable_kubernetes_alpha": false,
            "enable_l4_ilb_subsetting": false,
            "enable_legacy_abac": false,
            "enable_shielded_nodes": true,
            "enable_tpu": false,
            "endpoint": "35.223.22.5",
            "gateway_api_config": [],
            "id": "projects/bigdatatest2-airflow/locations/us-central1-c/clusters/node-demo-k8s",
            "initial_node_count": 4,
            "ip_allocation_policy": [],
            "label_fingerprint": "a9dc16a7",
            "location": "us-central1-c",
            "logging_config": [
              {
                "enable_components": [
                  "SYSTEM_COMPONENTS",
                  "WORKLOADS"
                ]
              }
            ],
            "logging_service": "logging.googleapis.com/kubernetes",
            "maintenance_policy": [],
            "master_auth": [
              {
                "client_certificate": "",
                "client_certificate_config": [
                  {
                    "issue_client_certificate": false
                  }
                ],
                "client_key": "",
                "cluster_ca_certificate": "LS0tLS1CRUdJTiBDRVJUSUZJQ0FURS0tLS0tCk1JSUVMRENDQXBTZ0F3SUJBZ0lRTkU2ZzhmSXJNTjlRdmc4VEc4OVVOVEFOQmdrcWhraUc5dzBCQVFzRkFEQXYKTVMwd0t3WURWUVFERXlRM1pEYzJaamhtTXkxbFlqTTNMVFJpTnpVdE9ETmlNQzFsT1dZME5tSmtPVFprTWpNdwpJQmNOTWpNd05qSTJNREUxTXpBd1doZ1BNakExTXpBMk1UZ3dNalV6TURCYU1DOHhMVEFyQmdOVkJBTVRKRGRrCk56Wm1PR1l6TFdWaU16Y3ROR0kzTlMwNE0ySXdMV1U1WmpRMlltUTVObVF5TXpDQ0FhSXdEUVlKS29aSWh2Y04KQVFFQkJRQURnZ0dQQURDQ0FZb0NnZ0dCQUwvVXo0OS9MVUF0OHpCSEtoVzIxVHBLK1hJT3V1dyt2M1VMR1c5QQpqdEpkeFl4V0FhSWtzVkRSUkdvallHQndYcGd1NzlzODFVb3dkTE5Wd1VIbGRQTDVVQVZoWGJRRnhGOUtNd25ICi9qc1RrbFRqUE16YzZLUVFPRGxWcndRV1ZROXNzblFFS0tyM0pCVWZEa1Q3ck5kRk0wRU5EcWtlcnhqSkI2ZnEKSlBHNS9TUTVXeFIxaWphQVFZamdwSEFIYzEySXVOdktmNndMQURhQ1BUMUtLRkc5YlA3THJoakJPL1JKQ2sxbwo1bHNnNmtHK2tJd0htRzRqc3NUMUVSUTI1WlI1ZjVpNitySGl6T2hCaTV4ckFYa0JXMlpSSEZIeUYySisvbytKCm9qTm5DcmU1MGxONjcyN0haSGprc2d1cDhUOE9KRjc5ZG9XN0RIRmx5MHlLWlhKTlBXckUwZWZuUVNwWGw4QmUKY0RFcWZzVWNPNExhWnlHMDIrT2dmaWpydTJ4b1RGdU9KUEhqZytxWlkvaWYxU0dNL0lIbzJQWmRudVZWM0Y0UAp4OGZhVHZ0YTB6K2w5RngzczlvYzVJN2Q3dUx3Rm5nNnFZSEZGSWk4NUZ4clJIWXRNOWdJZjBuajU3WmxmcUpCCjRzVkVmRG9WUzR1SytTWjlheU5hUmEvQ2d3SURBUUFCbzBJd1FEQU9CZ05WSFE4QkFmOEVCQU1DQWdRd0R3WUQKVlIwVEFRSC9CQVV3QXdFQi96QWRCZ05WSFE0RUZnUVVBODdDdEhXM3R2YkVyTUFOTFpZN3U1c2k1dG93RFFZSgpLb1pJaHZjTkFRRUxCUUFEZ2dHQkFMTWhYVVRJSFNhaTZlYVZ1TGlCMlh0YTQrbk5zbldoajRYN05Gajc3cEJvCjN5YXVNTGFDOHRIWDhQVUsxQ0k4eTJhYjFQOW80NlJVZGdYY2g5TnNoNkp4eFJma3I5aWtieEowaTdOdWpmdjgKSUJVa0JjeWlad005dm5kU2Q2Y1ZvUWJXOEc0Zk90c01sMzZFNkJTbmhRWXdsOXJjbzBsRnpLbGNwRWFqTHhQTwpqR0hML0g5UER5aWNkZDVNazR0eExRZkh5bVYwZ1hoL3MxRzR2M0h3b09jL0RoREx6N0ZBTzA5bnE5R3NwdCtkClhVemVaY0xQSWE2T0ZSSEs3Nm1sdmRtMlNlYkhIL0x2V3dWVUFOcG1SMDhjSElXdUhsNW5iVGNZYkwwVHRGS3gKS3dhcStUL0d1MTJtNGhHKzNmUmptVVRUYUo5a0t0NkEreXFjb3JYTlZBTTV3NFp2OTV4THdZYjdkVGt4VWpwOQo4VVpjSTFUV3NkRWxmd1Jqb0x0ZXZ3UmNwWE1GdGNpVzFKaHVRQnB2aHJhY1hUalA1WUxST2xTYnkzU25pZnlYCi9CT05yWVc3K2NWZkRZZkFPTUlYMURlOENBODR0VlJmalhvK1JuTURzWUZMT2RRcmVvNURFeVJXUVVhaGxXSnMKZTd2Z1dPanBYNmRsNGc4K0VHaFZsUT09Ci0tLS0tRU5EIENFUlRJRklDQVRFLS0tLS0K"
              }
            ],
            "master_authorized_networks_config": [],
            "master_version": "1.25.8-gke.1000",
            "mesh_certificates": [],
            "min_master_version": null,
            "monitoring_config": [
              {
                "enable_components": [
                  "SYSTEM_COMPONENTS"
                ],
                "managed_prometheus": []
              }
            ],
            "monitoring_service": "monitoring.googleapis.com/kubernetes",
            "name": "node-demo-k8s",
            "network": "projects/bigdatatest2-airflow/global/networks/default",
            "network_policy": [
              {
                "enabled": false,
                "provider": "PROVIDER_UNSPECIFIED"
              }
            ],
            "networking_mode": "ROUTES",
            "node_config": [
              {
                "advanced_machine_features": [],
                "boot_disk_kms_key": "",
                "disk_size_gb": 100,
                "disk_type": "pd-balanced",
                "ephemeral_storage_local_ssd_config": [],
                "gcfs_config": [],
                "guest_accelerator": [],
                "gvnic": [],
                "image_type": "COS_CONTAINERD",
                "kubelet_config": [],
                "labels": {},
                "linux_node_config": [],
                "local_nvme_ssd_block_config": [],
                "local_ssd_count": 0,
                "logging_variant": "DEFAULT",
                "machine_type": "e2-micro",
                "metadata": {
                  "disable-legacy-endpoints": "true"
                },
                "min_cpu_platform": "",
                "node_group": "",
                "oauth_scopes": [
                  "https://www.googleapis.com/auth/compute",
                  "https://www.googleapis.com/auth/devstorage.read_only",
                  "https://www.googleapis.com/auth/logging.write",
                  "https://www.googleapis.com/auth/monitoring"
                ],
                "preemptible": true,
                "reservation_affinity": [],
                "resource_labels": null,
                "service_account": "default",
                "shielded_instance_config": [
                  {
                    "enable_integrity_monitoring": true,
                    "enable_secure_boot": false
                  }
                ],
                "sole_tenant_config": [],
                "spot": false,
                "tags": [
                  "node-demo-k8s"
                ],
                "taint": [],
                "workload_metadata_config": []
              }
            ],
            "node_locations": [],
            "node_pool": [
              {
                "autoscaling": [],
                "initial_node_count": 4,
                "instance_group_urls": [
                  "https://www.googleapis.com/compute/v1/projects/bigdatatest2-airflow/zones/us-central1-c/instanceGroupManagers/gke-node-demo-k8s-default-pool-d9926f9a-grp"
                ],
                "managed_instance_group_urls": [
                  "https://www.googleapis.com/compute/v1/projects/bigdatatest2-airflow/zones/us-central1-c/instanceGroups/gke-node-demo-k8s-default-pool-d9926f9a-grp"
                ],
                "management": [
                  {
                    "auto_repair": true,
                    "auto_upgrade": true
                  }
                ],
                "max_pods_per_node": 0,
                "name": "default-pool",
                "name_prefix": "",
                "network_config": [
                  {
                    "create_pod_range": false,
                    "enable_private_nodes": false,
                    "pod_cidr_overprovision_config": [],
                    "pod_ipv4_cidr_block": "",
                    "pod_range": ""
                  }
                ],
                "node_config": [
                  {
                    "advanced_machine_features": [],
                    "boot_disk_kms_key": "",
                    "disk_size_gb": 100,
                    "disk_type": "pd-balanced",
                    "ephemeral_storage_local_ssd_config": [],
                    "gcfs_config": [],
                    "guest_accelerator": [],
                    "gvnic": [],
                    "image_type": "COS_CONTAINERD",
                    "kubelet_config": [],
                    "labels": {},
                    "linux_node_config": [],
                    "local_nvme_ssd_block_config": [],
                    "local_ssd_count": 0,
                    "logging_variant": "DEFAULT",
                    "machine_type": "e2-micro",
                    "metadata": {
                      "disable-legacy-endpoints": "true"
                    },
                    "min_cpu_platform": "",
                    "node_group": "",
                    "oauth_scopes": [
                      "https://www.googleapis.com/auth/compute",
                      "https://www.googleapis.com/auth/devstorage.read_only",
                      "https://www.googleapis.com/auth/logging.write",
                      "https://www.googleapis.com/auth/monitoring"
                    ],
                    "preemptible": true,
                    "reservation_affinity": [],
                    "resource_labels": {},
                    "service_account": "default",
                    "shielded_instance_config": [
                      {
                        "enable_integrity_monitoring": true,
                        "enable_secure_boot": false
                      }
                    ],
                    "sole_tenant_config": [],
                    "spot": false,
                    "tags": [
                      "node-demo-k8s"
                    ],
                    "taint": [],
                    "workload_metadata_config": []
                  }
                ],
                "node_count": 4,
                "node_locations": [
                  "us-central1-c"
                ],
                "placement_policy": [],
                "upgrade_settings": [
                  {
                    "blue_green_settings": [],
                    "max_surge": 1,
                    "max_unavailable": 0,
                    "strategy": "SURGE"
                  }
                ],
                "version": "1.25.8-gke.1000"
              }
            ],
            "node_pool_defaults": [
              {
                "node_config_defaults": [
                  {
                    "logging_variant": "DEFAULT"
                  }
                ]
              }
            ],
            "node_version": "1.25.8-gke.1000",
            "notification_config": [
              {
                "pubsub": [
                  {
                    "enabled": false,
                    "filter": [],
                    "topic": ""
                  }
                ]
              }
            ],
            "operation": null,
            "private_cluster_config": [
              {
                "enable_private_endpoint": false,
                "enable_private_nodes": false,
                "master_global_access_config": [
                  {
                    "enabled": false
                  }
                ],
                "master_ipv4_cidr_block": "",
                "peering_name": "",
                "private_endpoint": "10.128.0.48",
                "private_endpoint_subnetwork": "",
                "public_endpoint": "35.223.22.5"
              }
            ],
            "private_ipv6_google_access": "",
            "project": "bigdatatest2-airflow",
            "release_channel": [
              {
                "channel": "REGULAR"
              }
            ],
            "remove_default_node_pool": null,
            "resource_labels": null,
            "resource_usage_export_config": [],
            "self_link": "https://container.googleapis.com/v1/projects/bigdatatest2-airflow/zones/us-central1-c/clusters/node-demo-k8s",
            "service_external_ips_config": [
              {
                "enabled": false
              }
            ],
            "services_ipv4_cidr": "10.3.240.0/20",
            "subnetwork": "projects/bigdatatest2-airflow/regions/us-central1/subnetworks/default",
            "timeouts": {
              "create": "45m",
              "delete": null,
              "read": null,
              "update": "60m"
            },
            "tpu_ipv4_cidr_block": "",
            "vertical_pod_autoscaling": [],
            "workload_identity_config": []
          },
          "sensitive_attributes": [],
          "private": "eyJlMmJmYjczMC1lY2FhLTExZTYtOGY4OC0zNDM2M2JjN2M0YzAiOnsiY3JlYXRlIjoyNzAwMDAwMDAwMDAwLCJkZWxldGUiOjI0MDAwMDAwMDAwMDAsInJlYWQiOjI0MDAwMDAwMDAwMDAsInVwZGF0ZSI6MzYwMDAwMDAwMDAwMH0sInNjaGVtYV92ZXJzaW9uIjoiMSJ9"
        }
      ]
    }
  ],
  "check_results": null
}
