{
  "version": 4,
  "terraform_version": "1.5.1",
  "serial": 7,
  "lineage": "67c7b4c4-d929-0a07-661f-124703a13371",
  "outputs": {},
  "resources": [
    {
      "mode": "managed",
      "type": "google_compute_firewall",
      "name": "nodeports",
      "provider": "provider[\"registry.terraform.io/hashicorp/google\"]",
      "instances": [
        {
          "schema_version": 1,
          "attributes": {
            "allow": [
              {
                "ports": [
                  "30000-32767",
                  "80",
                  "443",
                  "8080",
                  "22"
                ],
                "protocol": "tcp"
              },
              {
                "ports": [],
                "protocol": "icmp"
              }
            ],
            "creation_timestamp": "2023-06-25T19:44:03.962-07:00",
            "deny": [],
            "description": "",
            "destination_ranges": [],
            "direction": "INGRESS",
            "disabled": false,
            "enable_logging": null,
            "id": "projects/bigdatatest2-airflow/global/firewalls/node-port-range",
            "log_config": [],
            "name": "node-port-range",
            "network": "https://www.googleapis.com/compute/v1/projects/bigdatatest2-airflow/global/networks/default",
            "priority": 1000,
            "project": "bigdatatest2-airflow",
            "self_link": "https://www.googleapis.com/compute/v1/projects/bigdatatest2-airflow/global/firewalls/node-port-range",
            "source_ranges": [
              "0.0.0.0/0"
            ],
            "source_service_accounts": null,
            "source_tags": null,
            "target_service_accounts": null,
            "target_tags": null,
            "timeouts": null
          },
          "sensitive_attributes": [],
          "private": "eyJlMmJmYjczMC1lY2FhLTExZTYtOGY4OC0zNDM2M2JjN2M0YzAiOnsiY3JlYXRlIjoxMjAwMDAwMDAwMDAwLCJkZWxldGUiOjEyMDAwMDAwMDAwMDAsInVwZGF0ZSI6MTIwMDAwMDAwMDAwMH0sInNjaGVtYV92ZXJzaW9uIjoiMSJ9"
        }
      ]
    },
    {
      "mode": "managed",
      "type": "google_container_cluster",
      "name": "primary",
      "provider": "provider[\"registry.terraform.io/hashicorp/google\"]",
      "instances": [
        {
          "status": "tainted",
          "schema_version": 1,
          "attributes": {
            "addons_config": [
              {
                "cloudrun_config": [],
                "config_connector_config": [],
                "dns_cache_config": [],
                "gce_persistent_disk_csi_driver_config": [
                  {
                    "enabled": true
                  }
                ],
                "gcp_filestore_csi_driver_config": [],
                "gke_backup_agent_config": [],
                "horizontal_pod_autoscaling": [],
                "http_load_balancing": [],
                "network_policy_config": [
                  {
                    "disabled": true
                  }
                ]
              }
            ],
            "authenticator_groups_config": [],
            "binary_authorization": [
              {
                "enabled": false,
                "evaluation_mode": ""
              }
            ],
            "cluster_autoscaling": [
              {
                "auto_provisioning_defaults": [],
                "enabled": false,
                "resource_limits": []
              }
            ],
            "cluster_ipv4_cidr": "10.0.0.0/14",
            "confidential_nodes": [],
            "cost_management_config": [],
            "database_encryption": [
              {
                "key_name": "",
                "state": "DECRYPTED"
              }
            ],
            "datapath_provider": "",
            "default_max_pods_per_node": null,
            "default_snat_status": [
              {
                "disabled": false
              }
            ],
            "description": "",
            "dns_config": [],
            "enable_autopilot": false,
            "enable_binary_authorization": false,
            "enable_intranode_visibility": false,
            "enable_kubernetes_alpha": false,
            "enable_l4_ilb_subsetting": false,
            "enable_legacy_abac": false,
            "enable_shielded_nodes": true,
            "enable_tpu": false,
            "endpoint": "34.27.115.174",
            "gateway_api_config": [],
            "id": "projects/bigdatatest2-airflow/locations/us-central1-c/clusters/node-demo-k8s",
            "initial_node_count": 4,
            "ip_allocation_policy": [],
            "label_fingerprint": "a9dc16a7",
            "location": "us-central1-c",
            "logging_config": [
              {
                "enable_components": [
                  "SYSTEM_COMPONENTS",
                  "WORKLOADS"
                ]
              }
            ],
            "logging_service": "logging.googleapis.com/kubernetes",
            "maintenance_policy": [],
            "master_auth": [
              {
                "client_certificate": "",
                "client_certificate_config": [
                  {
                    "issue_client_certificate": false
                  }
                ],
                "client_key": "",
                "cluster_ca_certificate": "LS0tLS1CRUdJTiBDRVJUSUZJQ0FURS0tLS0tCk1JSUVMVENDQXBXZ0F3SUJBZ0lSQUpITkIzdk4zdWIvRlZOU3RrNE1iTjR3RFFZSktvWklodmNOQVFFTEJRQXcKTHpFdE1Dc0dBMVVFQXhNa1pUTXdaV0UyWWpFdE1qVTNPUzAwTVRGa0xUaGlaR010TlRZNE1qWm1NR1psTnpGaApNQ0FYRFRJek1EWXlOakF4TkRRd05Gb1lEekl3TlRNd05qRTRNREkwTkRBMFdqQXZNUzB3S3dZRFZRUURFeVJsCk16QmxZVFppTVMweU5UYzVMVFF4TVdRdE9HSmtZeTAxTmpneU5tWXdabVUzTVdFd2dnR2lNQTBHQ1NxR1NJYjMKRFFFQkFRVUFBNElCandBd2dnR0tBb0lCZ1FDcXRCZWJFRVNLMm5ycGVmeTFZUUU4dG04cXBzaXVSclhMWllOZwpnNDJLRzR5eno2UmNJTjVqaVpOdldjL09Pditsa3NDNEQ1ai95TFBCTXRoaUx3WmtiY3VsOEJzOWprOUFNUEx5Cm9MLzJXZFd0SG9aNFVNRUNkaFdlclhBNUNndFJQWWl1b3RNWDE3aFd1TngwUFVSeEJFTXJJdTRNR1JJdlVBdzQKWTZGMUgwQWR6R2VodzFrU043VWEwL0NST0R5b2dqUVZxcS9CcUFxRnhUYzdpTi9TU0dXbkh1UkdsY2ZLNUpNSgp5OVYzUEl1SXF4MGZOZUpaMjdHQ0tGejJPejdxanVBUVUyWEZ0ZnJVY3FoVUdNc0hLb2ExK1FjK1hNamY1K250Cks5UmR5bHFyTFFsK3l1WHQrZHNiTHloTnorWjhSdVZpQm1zVCswbkxxSStSZzZ0aXdTMDZMR0hWYzkxa1lyenQKS1lWT1VMVDVUZVlmMmc1U2dnWXhQUEFRbnFkTTVFdHIvbzJJR0hiSXdMbVZMZ21VMkErZVZNR3ZzQmhhNFcvegpiR3BpRFp5eDVxTjhiYTVrWkc0YnVjV2MvMHpUN1N1ajNJS0JVWldKVkZnbTdueXJKS2hUZlQ3SUZhNXZBL0orCkJBK0hHYm05VnA1dmVIK1JzVVlIVVprQi9LOENBd0VBQWFOQ01FQXdEZ1lEVlIwUEFRSC9CQVFEQWdJRU1BOEcKQTFVZEV3RUIvd1FGTUFNQkFmOHdIUVlEVlIwT0JCWUVGT0J4emZ0R3U2emlZaGRJbzZ4TmFab1JKQzhtTUEwRwpDU3FHU0liM0RRRUJDd1VBQTRJQmdRQkdjc0FZY2tKREk4Y3dCRlBKT3Fqa004QkZ1eU1oelhTNUhIUTBDUEkzCnN6cUQvTDRGVnVHU0t6VHZQbnV5aXQ0Rmd3SW9tWjQwdUZlQ0NqejZhbkxMY2cvZzNFeFd2MjZzWDhSZERhMXkKNnZhR2crYTQzMUEzR1EvV2hrQVVFMzBSWXBMNDh6K05saWdXOFI1QmcyaEtiYmVTYkVmT0hIZWwvTkl0SFMrcgp3RG5raEppUy9BbXNTeFFTaFlaaG1yQzA0ZFFnM0dvUFYvSUZWOWRmaW85Y2FycU85Z3VGRnZ2YnBvWlh6YWZECk5jSDV0Q2YvR2hBQ2hsZVR0dGpwYnR1VGFHN0t1OWVlSTV0dWwzcnI1cW84TE5pNGs1Y1lHT0hhL2N2OFE0SFAKRThNNWNxbHcwZDZTQi91bmtVMDdwV3YzRlZKQ0htMHErQksvVkZ6SlZkU2IxQnRlaUxlMlAwL3h3eTVoRzZvSAoxa2tTRmJ4M2hKUnliSDRrT2VVU3YxTFJablluV2JleHpGSHFsbi9jWXg4YWpCOURNOTc4eU9ieDE2ZHlHMmlqCmVzZFk0dXZ3cGlmaE1hRWhjbHgrcHZydnd6OUpkMEgxUTZBdmtyU3hLTERrWTJTUlcvSjJGRnpuaG5jTjdEQ08KT2d0QVdBZ1J5UHJuK3BiVW9CQlRwM2c9Ci0tLS0tRU5EIENFUlRJRklDQVRFLS0tLS0K"
              }
            ],
            "master_authorized_networks_config": [],
            "master_version": "1.25.8-gke.1000",
            "mesh_certificates": [],
            "min_master_version": null,
            "monitoring_config": [
              {
                "enable_components": [
                  "SYSTEM_COMPONENTS"
                ],
                "managed_prometheus": []
              }
            ],
            "monitoring_service": "monitoring.googleapis.com/kubernetes",
            "name": "node-demo-k8s",
            "network": "projects/bigdatatest2-airflow/global/networks/default",
            "network_policy": [
              {
                "enabled": false,
                "provider": "PROVIDER_UNSPECIFIED"
              }
            ],
            "networking_mode": "ROUTES",
            "node_config": [
              {
                "advanced_machine_features": [],
                "boot_disk_kms_key": "",
                "disk_size_gb": 100,
                "disk_type": "pd-balanced",
                "ephemeral_storage_local_ssd_config": [],
                "gcfs_config": [],
                "guest_accelerator": [],
                "gvnic": [],
                "image_type": "COS_CONTAINERD",
                "kubelet_config": [],
                "labels": {},
                "linux_node_config": [],
                "local_nvme_ssd_block_config": [],
                "local_ssd_count": 0,
                "logging_variant": "DEFAULT",
                "machine_type": "e2-micro",
                "metadata": {
                  "disable-legacy-endpoints": "true"
                },
                "min_cpu_platform": "",
                "node_group": "",
                "oauth_scopes": [
                  "https://www.googleapis.com/auth/compute",
                  "https://www.googleapis.com/auth/devstorage.read_only",
                  "https://www.googleapis.com/auth/logging.write",
                  "https://www.googleapis.com/auth/monitoring"
                ],
                "preemptible": true,
                "reservation_affinity": [],
                "resource_labels": null,
                "service_account": "default",
                "shielded_instance_config": [
                  {
                    "enable_integrity_monitoring": true,
                    "enable_secure_boot": false
                  }
                ],
                "sole_tenant_config": [],
                "spot": false,
                "tags": [
                  "node-demo-k8s"
                ],
                "taint": [],
                "workload_metadata_config": []
              }
            ],
            "node_locations": [],
            "node_pool": [
              {
                "autoscaling": [],
                "initial_node_count": 4,
                "instance_group_urls": [
                  "https://www.googleapis.com/compute/v1/projects/bigdatatest2-airflow/zones/us-central1-c/instanceGroupManagers/gke-node-demo-k8s-default-pool-873d1d00-grp"
                ],
                "managed_instance_group_urls": [
                  "https://www.googleapis.com/compute/v1/projects/bigdatatest2-airflow/zones/us-central1-c/instanceGroups/gke-node-demo-k8s-default-pool-873d1d00-grp"
                ],
                "management": [
                  {
                    "auto_repair": true,
                    "auto_upgrade": true
                  }
                ],
                "max_pods_per_node": 0,
                "name": "default-pool",
                "name_prefix": "",
                "network_config": [
                  {
                    "create_pod_range": false,
                    "enable_private_nodes": false,
                    "pod_cidr_overprovision_config": [],
                    "pod_ipv4_cidr_block": "",
                    "pod_range": ""
                  }
                ],
                "node_config": [
                  {
                    "advanced_machine_features": [],
                    "boot_disk_kms_key": "",
                    "disk_size_gb": 100,
                    "disk_type": "pd-balanced",
                    "ephemeral_storage_local_ssd_config": [],
                    "gcfs_config": [],
                    "guest_accelerator": [],
                    "gvnic": [],
                    "image_type": "COS_CONTAINERD",
                    "kubelet_config": [],
                    "labels": {},
                    "linux_node_config": [],
                    "local_nvme_ssd_block_config": [],
                    "local_ssd_count": 0,
                    "logging_variant": "DEFAULT",
                    "machine_type": "e2-micro",
                    "metadata": {
                      "disable-legacy-endpoints": "true"
                    },
                    "min_cpu_platform": "",
                    "node_group": "",
                    "oauth_scopes": [
                      "https://www.googleapis.com/auth/compute",
                      "https://www.googleapis.com/auth/devstorage.read_only",
                      "https://www.googleapis.com/auth/logging.write",
                      "https://www.googleapis.com/auth/monitoring"
                    ],
                    "preemptible": true,
                    "reservation_affinity": [],
                    "resource_labels": {},
                    "service_account": "default",
                    "shielded_instance_config": [
                      {
                        "enable_integrity_monitoring": true,
                        "enable_secure_boot": false
                      }
                    ],
                    "sole_tenant_config": [],
                    "spot": false,
                    "tags": [
                      "node-demo-k8s"
                    ],
                    "taint": [],
                    "workload_metadata_config": []
                  }
                ],
                "node_count": 4,
                "node_locations": [
                  "us-central1-c"
                ],
                "placement_policy": [],
                "upgrade_settings": [
                  {
                    "blue_green_settings": [],
                    "max_surge": 1,
                    "max_unavailable": 0,
                    "strategy": "SURGE"
                  }
                ],
                "version": "1.25.8-gke.1000"
              }
            ],
            "node_pool_defaults": [
              {
                "node_config_defaults": [
                  {
                    "logging_variant": "DEFAULT"
                  }
                ]
              }
            ],
            "node_version": "1.25.8-gke.1000",
            "notification_config": [
              {
                "pubsub": [
                  {
                    "enabled": false,
                    "filter": [],
                    "topic": ""
                  }
                ]
              }
            ],
            "operation": null,
            "private_cluster_config": [
              {
                "enable_private_endpoint": false,
                "enable_private_nodes": false,
                "master_global_access_config": [
                  {
                    "enabled": false
                  }
                ],
                "master_ipv4_cidr_block": "",
                "peering_name": "",
                "private_endpoint": "10.128.0.43",
                "private_endpoint_subnetwork": "",
                "public_endpoint": "34.27.115.174"
              }
            ],
            "private_ipv6_google_access": "",
            "project": "bigdatatest2-airflow",
            "release_channel": [
              {
                "channel": "REGULAR"
              }
            ],
            "remove_default_node_pool": null,
            "resource_labels": null,
            "resource_usage_export_config": [],
            "self_link": "https://container.googleapis.com/v1/projects/bigdatatest2-airflow/zones/us-central1-c/clusters/node-demo-k8s",
            "service_external_ips_config": [
              {
                "enabled": false
              }
            ],
            "services_ipv4_cidr": "10.3.240.0/20",
            "subnetwork": "projects/bigdatatest2-airflow/regions/us-central1/subnetworks/default",
            "timeouts": {
              "create": "45m",
              "delete": null,
              "read": null,
              "update": "60m"
            },
            "tpu_ipv4_cidr_block": "",
            "vertical_pod_autoscaling": [],
            "workload_identity_config": []
          },
          "sensitive_attributes": [],
          "private": "eyJlMmJmYjczMC1lY2FhLTExZTYtOGY4OC0zNDM2M2JjN2M0YzAiOnsiY3JlYXRlIjoyNzAwMDAwMDAwMDAwLCJkZWxldGUiOjI0MDAwMDAwMDAwMDAsInJlYWQiOjI0MDAwMDAwMDAwMDAsInVwZGF0ZSI6MzYwMDAwMDAwMDAwMH0sInNjaGVtYV92ZXJzaW9uIjoiMSJ9"
        }
      ]
    }
  ],
  "check_results": null
}
